PODS:
  - Flutter (1.0.0)
  - flutter_viewdemo (0.0.1):
    - Flutter

DEPENDENCIES:
  - Flutter (from `Flutter`)
  - flutter_viewdemo (from `.symlinks/plugins/flutter_viewdemo/ios`)

EXTERNAL SOURCES:
  Flutter:
    :path: Flutter
  flutter_viewdemo:
    :path: ".symlinks/plugins/flutter_viewdemo/ios"

SPEC CHECKSUMS:
  Flutter: 434fef37c0980e73bb6479ef766c45957d4b510c
  flutter_viewdemo: b358aefff362db1edc4ba4f7793a0d2effa5a339

PODFILE CHECKSUM: 8e679eca47255a8ca8067c4c67aab20e64cb974d

COCOAPODS: 1.11.2
